
Microsoft Visual Studio Solution File, Format Version 12.00
# Visual Studio Version 17
VisualStudioVersion = 17.8.34525.116
MinimumVisualStudioVersion = 10.0.40219.1
Project("{FAE04EC0-301F-11D3-BF4B-00C04F79EFBC}") = "Todo-List", "Todo-List\Todo-List.csproj", "{E0AD63D1-1B54-439B-B3E9-ADB6BC616D97}"
EndProject
Global
	GlobalSection(SolutionConfigurationPlatforms) = preSolution
		Debug|Any CPU = Debug|Any CPU
		Release|Any CPU = Release|Any CPU
	EndGlobalSection
	GlobalSection(ProjectConfigurationPlatforms) = postSolution
		{E0AD63D1-1B54-439B-B3E9-ADB6BC616D97}.Debug|Any CPU.ActiveCfg = Debug|Any CPU
		{E0AD63D1-1B54-439B-B3E9-ADB6BC616D97}.Debug|Any CPU.Build.0 = Debug|Any CPU
		{E0AD63D1-1B54-439B-B3E9-ADB6BC616D97}.Release|Any CPU.ActiveCfg = Release|Any CPU
		{E0AD63D1-1B54-439B-B3E9-ADB6BC616D97}.Release|Any CPU.Build.0 = Release|Any CPU
	EndGlobalSection
	GlobalSection(SolutionProperties) = preSolution
		HideSolutionNode = FALSE
	EndGlobalSection
	GlobalSection(ExtensibilityGlobals) = postSolution
		SolutionGuid = {BC97EC8B-DAE5-405E-820D-0F8E1AFF2B6D}
	EndGlobalSection
EndGlobal
